
Microsoft Visual Studio Solution File, Format Version 12.00
# Visual Studio Version 17
VisualStudioVersion = 17.7.34221.43
MinimumVisualStudioVersion = 10.0.40219.1
Project("{FAE04EC0-301F-11D3-BF4B-00C04F79EFBC}") = "SbFunc1", "SbFunc1.csproj", "{1095990C-C56C-46D0-93A3-FE230885666B}"
EndProject
Global
	GlobalSection(SolutionConfigurationPlatforms) = preSolution
		Debug|Any CPU = Debug|Any CPU
		Release|Any CPU = Release|Any CPU
	EndGlobalSection
	GlobalSection(ProjectConfigurationPlatforms) = postSolution
		{1095990C-C56C-46D0-93A3-FE230885666B}.Debug|Any CPU.ActiveCfg = Debug|Any CPU
		{1095990C-C56C-46D0-93A3-FE230885666B}.Debug|Any CPU.Build.0 = Debug|Any CPU
		{1095990C-C56C-46D0-93A3-FE230885666B}.Release|Any CPU.ActiveCfg = Release|Any CPU
		{1095990C-C56C-46D0-93A3-FE230885666B}.Release|Any CPU.Build.0 = Release|Any CPU
	EndGlobalSection
	GlobalSection(SolutionProperties) = preSolution
		HideSolutionNode = FALSE
	EndGlobalSection
	GlobalSection(ExtensibilityGlobals) = postSolution
		SolutionGuid = {469C8038-8242-4A5E-91FB-CFD0F56B7A1D}
	EndGlobalSection
EndGlobal
